Microsoft Visual Studio Solution File, Format Version 12.00
# Visual Studio Version 17
VisualStudioVersion = 17.5.2.0
MinimumVisualStudioVersion = 10.0.40219.1
Project("{FAE04EC0-301F-11D3-BF4B-00C04F79EFBC}") = "PulumiCsharp", "az-deployment-environments\PulumiCsharp.csproj", "{58763317-A7B5-934D-9766-27A6FCC233AE}"
EndProject
Project("{2150E333-8FDC-42A3-9474-1A3956D46DE8}") = "az-getting-started-k8s", "az-getting-started-k8s", "{44261DC7-B123-E3F2-0105-7A42BDE82361}"
EndProject
Project("{2150E333-8FDC-42A3-9474-1A3956D46DE8}") = "esc-google-cloud", "esc-google-cloud", "{ED5A9032-58EC-8F82-2534-5C209D097B6B}"
EndProject
Project("{2150E333-8FDC-42A3-9474-1A3956D46DE8}") = "redis-cloud", "redis-cloud", "{83DBC27C-CBB2-7048-9335-24BC2EF67653}"
EndProject
Project("{2150E333-8FDC-42A3-9474-1A3956D46DE8}") = "aws-getting-started-k8s-ts", "aws-getting-started-k8s-ts", "{6C484023-EB8F-4079-701B-991D280AFC38}"
EndProject
Project("{2150E333-8FDC-42A3-9474-1A3956D46DE8}") = "aws-esc-oidc", "aws-esc-oidc", "{D0104942-3AC0-3041-3FD8-EA6903DBB413}"
EndProject
Project("{2150E333-8FDC-42A3-9474-1A3956D46DE8}") = "gcloud-intro-kubernetes", "gcloud-intro-kubernetes", "{25F58092-CFF8-6561-0C9E-77C5607ED30C}"
EndProject
Project("{2150E333-8FDC-42A3-9474-1A3956D46DE8}") = "gitlab", "gitlab", "{63CC1519-2C6F-3D30-C578-270E8165B513}"
EndProject
Project("{2150E333-8FDC-42A3-9474-1A3956D46DE8}") = "az-pulumi-deployments", "az-pulumi-deployments", "{4F164FE9-522B-1D99-3680-04DF8E4C9C27}"
EndProject
Project("{2150E333-8FDC-42A3-9474-1A3956D46DE8}") = "migrating-from-terraform", "migrating-from-terraform", "{90C048FE-1CF3-5E91-0383-395DC3925B29}"
EndProject
Project("{2150E333-8FDC-42A3-9474-1A3956D46DE8}") = "aws-securing-pipelines", "aws-securing-pipelines", "{ED8CB1B0-62B5-5433-C27C-188322F6E5E8}"
EndProject
Project("{2150E333-8FDC-42A3-9474-1A3956D46DE8}") = "aws-policy-as-code", "aws-policy-as-code", "{BE70246E-C185-43C7-94E1-815C9FE18D9B}"
EndProject
Project("{2150E333-8FDC-42A3-9474-1A3956D46DE8}") = "esc-workshop", "esc-workshop", "{247D2A5B-A1E7-3636-ED82-B4A033B9243F}"
EndProject
Project("{2150E333-8FDC-42A3-9474-1A3956D46DE8}") = "aws-proton", "aws-proton", "{77650F04-1583-5779-87D5-00A0AF5B51D4}"
EndProject
Project("{2150E333-8FDC-42A3-9474-1A3956D46DE8}") = "node_modules", "node_modules", "{A267CEEC-7C73-683E-1746-42F654ACCDA6}"
EndProject
Project("{2150E333-8FDC-42A3-9474-1A3956D46DE8}") = "@pulumi", "@pulumi", "{FE146157-0679-5EE2-FB23-3D6E806039EA}"
EndProject
Project("{2150E333-8FDC-42A3-9474-1A3956D46DE8}") = "pulumi", "pulumi", "{3AE2DAB2-807A-27D9-0BBB-B532BFCD108E}"
EndProject
Project("{2150E333-8FDC-42A3-9474-1A3956D46DE8}") = "tests", "tests", "{9E00050B-F545-A6D3-919B-F4192F51DBE9}"
EndProject
Project("{2150E333-8FDC-42A3-9474-1A3956D46DE8}") = "automation", "automation", "{A65E4E41-466C-ACC6-E229-9E9CAEABB0A0}"
EndProject
Project("{2150E333-8FDC-42A3-9474-1A3956D46DE8}") = "data", "data", "{95E11D34-1B6B-186C-DF83-CF0C5ACFC1B2}"
EndProject
Project("{FAE04EC0-301F-11D3-BF4B-00C04F79EFBC}") = "TestProj", "az-getting-started-k8s\node_modules\@pulumi\pulumi\tests\automation\data\testproj_dotnet\TestProj.csproj", "{C79DE780-71DB-5882-879C-A4F0711729FE}"
EndProject
Project("{2150E333-8FDC-42A3-9474-1A3956D46DE8}") = "node_modules", "node_modules", "{222698F5-7888-A1C7-99AC-7EA103548340}"
EndProject
Project("{2150E333-8FDC-42A3-9474-1A3956D46DE8}") = "@pulumi", "@pulumi", "{C0CFF484-3B38-627D-5567-7F80D21376D1}"
EndProject
Project("{2150E333-8FDC-42A3-9474-1A3956D46DE8}") = "pulumi", "pulumi", "{12EFEB87-9868-E443-816C-02A980657DD6}"
EndProject
Project("{2150E333-8FDC-42A3-9474-1A3956D46DE8}") = "tests", "tests", "{A7AFC2C5-56B7-E6A9-715C-2CAB0CA54CAA}"
EndProject
Project("{2150E333-8FDC-42A3-9474-1A3956D46DE8}") = "automation", "automation", "{A6D8A5A3-F2B8-8DB2-8DDC-0E6B1ADEC829}"
EndProject
Project("{2150E333-8FDC-42A3-9474-1A3956D46DE8}") = "data", "data", "{9CC38F74-6EED-DC94-D55E-FD5F06CBDB06}"
EndProject
Project("{FAE04EC0-301F-11D3-BF4B-00C04F79EFBC}") = "TestProj", "esc-google-cloud\node_modules\@pulumi\pulumi\tests\automation\data\testproj_dotnet\TestProj.csproj", "{4C388F1E-3162-1544-D243-A704D3CC8BD1}"
EndProject
Project("{2150E333-8FDC-42A3-9474-1A3956D46DE8}") = "node_modules", "node_modules", "{2F495CCD-69EE-E7F2-F199-792BFD578705}"
EndProject
Project("{2150E333-8FDC-42A3-9474-1A3956D46DE8}") = "@pulumi", "@pulumi", "{B82ADBB8-5920-AAE1-B7BB-B4656C0809BD}"
EndProject
Project("{2150E333-8FDC-42A3-9474-1A3956D46DE8}") = "pulumi", "pulumi", "{22346AD8-A477-1C8E-15D9-8A10086D7BD4}"
EndProject
Project("{2150E333-8FDC-42A3-9474-1A3956D46DE8}") = "tests", "tests", "{120FAC2A-0322-F9F7-A737-6C8C70286652}"
EndProject
Project("{2150E333-8FDC-42A3-9474-1A3956D46DE8}") = "automation", "automation", "{D1FC5CB4-3DF3-4DD1-8A51-62E4F130AEAB}"
EndProject
Project("{2150E333-8FDC-42A3-9474-1A3956D46DE8}") = "data", "data", "{F42EDFF7-3D8A-566C-1071-87C67DE0851E}"
EndProject
Project("{FAE04EC0-301F-11D3-BF4B-00C04F79EFBC}") = "TestProj", "redis-cloud\node_modules\@pulumi\pulumi\tests\automation\data\testproj_dotnet\TestProj.csproj", "{4848F784-01A5-061A-6AAF-7C54328DA982}"
EndProject
Project("{2150E333-8FDC-42A3-9474-1A3956D46DE8}") = "node_modules", "node_modules", "{8F630309-8C30-AD72-B02F-598BFBA0C1CA}"
EndProject
Project("{2150E333-8FDC-42A3-9474-1A3956D46DE8}") = "@pulumi", "@pulumi", "{48F5934A-47A3-303D-A1B9-21E0F860C75A}"
EndProject
Project("{2150E333-8FDC-42A3-9474-1A3956D46DE8}") = "pulumi", "pulumi", "{02D67740-5CFA-D06B-4C39-FD808AB13E64}"
EndProject
Project("{2150E333-8FDC-42A3-9474-1A3956D46DE8}") = "tests", "tests", "{5C6C721B-8162-3875-3B7C-D932B35DAD4F}"
EndProject
Project("{2150E333-8FDC-42A3-9474-1A3956D46DE8}") = "automation", "automation", "{9186C904-8B12-AD0F-0405-AF6FD5B92F8D}"
EndProject
Project("{2150E333-8FDC-42A3-9474-1A3956D46DE8}") = "data", "data", "{CD20B7F9-D77F-DE26-235F-A0B461A65EB4}"
EndProject
Project("{FAE04EC0-301F-11D3-BF4B-00C04F79EFBC}") = "TestProj", "aws-getting-started-k8s-ts\node_modules\@pulumi\pulumi\tests\automation\data\testproj_dotnet\TestProj.csproj", "{441672E3-E7B8-4D57-1E23-AAC8A2687175}"
EndProject
Project("{2150E333-8FDC-42A3-9474-1A3956D46DE8}") = "node_modules", "node_modules", "{79B458E1-B799-73FA-E329-A4998539E758}"
EndProject
Project("{2150E333-8FDC-42A3-9474-1A3956D46DE8}") = "@pulumi", "@pulumi", "{0A19EF16-1DA5-0AE7-6E70-265DE60A5A4F}"
EndProject
Project("{2150E333-8FDC-42A3-9474-1A3956D46DE8}") = "pulumi", "pulumi", "{EC5AE5CD-D849-FEFD-FAA8-E30D3692C059}"
EndProject
Project("{2150E333-8FDC-42A3-9474-1A3956D46DE8}") = "tests", "tests", "{34F170EE-23E7-2397-EABD-3F25CCF8063E}"
EndProject
Project("{2150E333-8FDC-42A3-9474-1A3956D46DE8}") = "automation", "automation", "{8C4E36BD-3F28-C53A-9C90-FF555B7108B6}"
EndProject
Project("{2150E333-8FDC-42A3-9474-1A3956D46DE8}") = "data", "data", "{49B89EF7-563F-513A-C4A2-2004A50C4830}"
EndProject
Project("{FAE04EC0-301F-11D3-BF4B-00C04F79EFBC}") = "TestProj", "aws-esc-oidc\node_modules\@pulumi\pulumi\tests\automation\data\testproj_dotnet\TestProj.csproj", "{B7F13D16-0D78-1FEA-96BF-092E32687F6C}"
EndProject
Project("{2150E333-8FDC-42A3-9474-1A3956D46DE8}") = "node_modules", "node_modules", "{B12C9AC9-2E62-79D7-9C36-A33C62AFF9E7}"
EndProject
Project("{2150E333-8FDC-42A3-9474-1A3956D46DE8}") = "@pulumi", "@pulumi", "{1E77862A-D79E-A3B5-80F0-C458501969DD}"
EndProject
Project("{2150E333-8FDC-42A3-9474-1A3956D46DE8}") = "pulumi", "pulumi", "{2B58A504-016C-A216-F3F5-5C3A97B73F05}"
EndProject
Project("{2150E333-8FDC-42A3-9474-1A3956D46DE8}") = "tests", "tests", "{57B77CBE-78C9-4749-3036-F9019B1613D1}"
EndProject
Project("{2150E333-8FDC-42A3-9474-1A3956D46DE8}") = "automation", "automation", "{6C1EB7C1-DF76-F37D-7A33-09D5C43FAD77}"
EndProject
Project("{2150E333-8FDC-42A3-9474-1A3956D46DE8}") = "data", "data", "{7A7A7E19-953F-3FB8-FF40-AC98856F2E72}"
EndProject
Project("{FAE04EC0-301F-11D3-BF4B-00C04F79EFBC}") = "TestProj", "gcloud-intro-kubernetes\node_modules\@pulumi\pulumi\tests\automation\data\testproj_dotnet\TestProj.csproj", "{79429759-C59C-9AF5-6F4B-B46625898670}"
EndProject
Project("{2150E333-8FDC-42A3-9474-1A3956D46DE8}") = "pulumi-cloud-gitlab-integration", "pulumi-cloud-gitlab-integration", "{00C54E1F-8CB6-3244-2FE1-963064849CD3}"
EndProject
Project("{2150E333-8FDC-42A3-9474-1A3956D46DE8}") = "node_modules", "node_modules", "{0E8F1A80-2908-BD92-F282-D2F20ACE9839}"
EndProject
Project("{2150E333-8FDC-42A3-9474-1A3956D46DE8}") = "@pulumi", "@pulumi", "{9CA92907-4732-4BC1-B770-1F8DBC71ED2A}"
EndProject
Project("{2150E333-8FDC-42A3-9474-1A3956D46DE8}") = "pulumi", "pulumi", "{BCB1BC7D-3B29-CB80-F06D-AC220C61D663}"
EndProject
Project("{2150E333-8FDC-42A3-9474-1A3956D46DE8}") = "tests", "tests", "{719A9559-1DEF-08C6-CDB8-3F48E124053D}"
EndProject
Project("{2150E333-8FDC-42A3-9474-1A3956D46DE8}") = "automation", "automation", "{E558A9EB-4AD1-2FAD-E021-27DFD54D9946}"
EndProject
Project("{2150E333-8FDC-42A3-9474-1A3956D46DE8}") = "data", "data", "{E3C66077-9663-FE58-3734-556DA8FE3B62}"
EndProject
Project("{FAE04EC0-301F-11D3-BF4B-00C04F79EFBC}") = "TestProj", "gitlab\pulumi-cloud-gitlab-integration\node_modules\@pulumi\pulumi\tests\automation\data\testproj_dotnet\TestProj.csproj", "{6A28A651-AC74-ECFE-453F-F08EAD068BA4}"
EndProject
Project("{2150E333-8FDC-42A3-9474-1A3956D46DE8}") = "az-oidc-setup", "az-oidc-setup", "{E6876D80-B0A6-6D6D-2513-BB0A855F41BE}"
EndProject
Project("{2150E333-8FDC-42A3-9474-1A3956D46DE8}") = "node_modules", "node_modules", "{136B768D-9879-07C4-8E88-2DC62E46F9FC}"
EndProject
Project("{2150E333-8FDC-42A3-9474-1A3956D46DE8}") = "@pulumi", "@pulumi", "{7973A4B8-B07F-EBBD-92B1-29EFBB190037}"
EndProject
Project("{2150E333-8FDC-42A3-9474-1A3956D46DE8}") = "pulumi", "pulumi", "{CF92E1CB-E22B-3E73-938F-59D0B1842301}"
EndProject
Project("{2150E333-8FDC-42A3-9474-1A3956D46DE8}") = "tests", "tests", "{44350578-DAE8-4C64-24D5-5E95652FF2D0}"
EndProject
Project("{2150E333-8FDC-42A3-9474-1A3956D46DE8}") = "automation", "automation", "{8579FABC-68D6-DCBF-5DE2-870074A1603D}"
EndProject
Project("{2150E333-8FDC-42A3-9474-1A3956D46DE8}") = "data", "data", "{5E308D18-054E-2C04-FFD3-6846D7F2216C}"
EndProject
Project("{FAE04EC0-301F-11D3-BF4B-00C04F79EFBC}") = "TestProj", "az-pulumi-deployments\az-oidc-setup\node_modules\@pulumi\pulumi\tests\automation\data\testproj_dotnet\TestProj.csproj", "{F6A9674E-A152-D961-A5F8-4A5017260C3C}"
EndProject
Project("{2150E333-8FDC-42A3-9474-1A3956D46DE8}") = "pulumi-aws-secret", "pulumi-aws-secret", "{20C85CA6-7E48-AF13-A268-18A5CCE562CA}"
EndProject
Project("{2150E333-8FDC-42A3-9474-1A3956D46DE8}") = "node_modules", "node_modules", "{A2FD73D4-47EB-3924-E151-433644833446}"
EndProject
Project("{2150E333-8FDC-42A3-9474-1A3956D46DE8}") = "@pulumi", "@pulumi", "{6B904425-CE70-A0B3-5A07-1FA45372A144}"
EndProject
Project("{2150E333-8FDC-42A3-9474-1A3956D46DE8}") = "pulumi", "pulumi", "{48ABD681-44F7-F2FB-5A87-2F0A6449D7B3}"
EndProject
Project("{2150E333-8FDC-42A3-9474-1A3956D46DE8}") = "tests", "tests", "{ED4439B4-3991-6972-0CDA-B523AF0F214A}"
EndProject
Project("{2150E333-8FDC-42A3-9474-1A3956D46DE8}") = "automation", "automation", "{DD8B3CCB-A66B-5F30-D557-676DE2586C9E}"
EndProject
Project("{2150E333-8FDC-42A3-9474-1A3956D46DE8}") = "data", "data", "{115927F7-BB4C-7F2C-D081-81537625899F}"
EndProject
Project("{FAE04EC0-301F-11D3-BF4B-00C04F79EFBC}") = "TestProj", "migrating-from-terraform\pulumi-aws-secret\node_modules\@pulumi\pulumi\tests\automation\data\testproj_dotnet\TestProj.csproj", "{3DCF07DA-1BCC-6048-395A-B22E764FAF7C}"
EndProject
Project("{2150E333-8FDC-42A3-9474-1A3956D46DE8}") = "aws-ts-oidc-provider-pulumi-cloud", "aws-ts-oidc-provider-pulumi-cloud", "{B34B6087-060C-69A2-DA78-7DED8DA8FA82}"
EndProject
Project("{2150E333-8FDC-42A3-9474-1A3956D46DE8}") = "node_modules", "node_modules", "{D846051A-8B33-8AFB-703B-86E328A80892}"
EndProject
Project("{2150E333-8FDC-42A3-9474-1A3956D46DE8}") = "@pulumi", "@pulumi", "{9F212901-C8D2-C2C0-29C0-A676FBF9857F}"
EndProject
Project("{2150E333-8FDC-42A3-9474-1A3956D46DE8}") = "pulumi", "pulumi", "{DFD87255-F185-8352-ABFF-5B011F7AA6D8}"
EndProject
Project("{2150E333-8FDC-42A3-9474-1A3956D46DE8}") = "tests", "tests", "{5C95C27E-4137-82D8-B73F-E73FEF8BC431}"
EndProject
Project("{2150E333-8FDC-42A3-9474-1A3956D46DE8}") = "automation", "automation", "{5A1FE715-D7CE-BBD6-554D-26B6B3384F45}"
EndProject
Project("{2150E333-8FDC-42A3-9474-1A3956D46DE8}") = "data", "data", "{3619E6CA-C665-CB3D-82ED-5B4D56285815}"
EndProject
Project("{FAE04EC0-301F-11D3-BF4B-00C04F79EFBC}") = "TestProj", "aws-securing-pipelines\aws-ts-oidc-provider-pulumi-cloud\node_modules\@pulumi\pulumi\tests\automation\data\testproj_dotnet\TestProj.csproj", "{C67B3292-E7C8-54FD-68BC-10D29C24B8FE}"
EndProject
Project("{2150E333-8FDC-42A3-9474-1A3956D46DE8}") = "prereq-infra", "prereq-infra", "{1160EA2F-DD26-5067-90DA-D65DC0DEBD54}"
EndProject
Project("{2150E333-8FDC-42A3-9474-1A3956D46DE8}") = "node_modules", "node_modules", "{257A648C-53B4-9E44-DEF3-9463EB5CF12A}"
EndProject
Project("{2150E333-8FDC-42A3-9474-1A3956D46DE8}") = "@pulumi", "@pulumi", "{DE551E24-F074-DC57-B841-D5FC6A013BCF}"
EndProject
Project("{2150E333-8FDC-42A3-9474-1A3956D46DE8}") = "pulumi", "pulumi", "{731E8CF5-C57F-E79F-2F3D-32036551187D}"
EndProject
Project("{2150E333-8FDC-42A3-9474-1A3956D46DE8}") = "tests", "tests", "{32D7719C-D3DE-DA1F-37C5-6D1ACB8798D9}"
EndProject
Project("{2150E333-8FDC-42A3-9474-1A3956D46DE8}") = "automation", "automation", "{F8E65B82-2CC2-A2D5-7139-AFBEB79BA071}"
EndProject
Project("{2150E333-8FDC-42A3-9474-1A3956D46DE8}") = "data", "data", "{212F18A3-5858-8BAD-9067-94EA27DCA0A9}"
EndProject
Project("{FAE04EC0-301F-11D3-BF4B-00C04F79EFBC}") = "TestProj", "aws-securing-pipelines\prereq-infra\node_modules\@pulumi\pulumi\tests\automation\data\testproj_dotnet\TestProj.csproj", "{6FABEA09-CFAA-8BE3-A578-E6AB8265399A}"
EndProject
Project("{2150E333-8FDC-42A3-9474-1A3956D46DE8}") = "compliance-ready-policies", "compliance-ready-policies", "{F9891B6E-627C-12BD-C72F-E392D248C604}"
EndProject
Project("{2150E333-8FDC-42A3-9474-1A3956D46DE8}") = "infra", "infra", "{249B8265-426B-D9F9-24DC-AF9D7237EB03}"
EndProject
Project("{2150E333-8FDC-42A3-9474-1A3956D46DE8}") = "node_modules", "node_modules", "{DBAB8E4F-4EA0-7FD6-7FFC-EA09B30A987B}"
EndProject
Project("{2150E333-8FDC-42A3-9474-1A3956D46DE8}") = "@pulumi", "@pulumi", "{29968C44-8D16-0C96-A5FC-87388F8F61C4}"
EndProject
Project("{2150E333-8FDC-42A3-9474-1A3956D46DE8}") = "pulumi", "pulumi", "{956670CE-97F9-F64D-7BB0-C6138A19B5B6}"
EndProject
Project("{2150E333-8FDC-42A3-9474-1A3956D46DE8}") = "tests", "tests", "{4FCADE86-6693-47F6-1446-0F7C085FDA50}"
EndProject
Project("{2150E333-8FDC-42A3-9474-1A3956D46DE8}") = "automation", "automation", "{DCB382D4-60D5-A7A7-1A58-BCEDBE8A1731}"
EndProject
Project("{2150E333-8FDC-42A3-9474-1A3956D46DE8}") = "data", "data", "{CEE1EBC0-54EF-59A2-BE5B-45DFC468936A}"
EndProject
Project("{FAE04EC0-301F-11D3-BF4B-00C04F79EFBC}") = "TestProj", "aws-policy-as-code\compliance-ready-policies\infra\node_modules\@pulumi\pulumi\tests\automation\data\testproj_dotnet\TestProj.csproj", "{FE20F467-8E95-C8CA-EA76-8DF4CE3749A9}"
EndProject
Project("{2150E333-8FDC-42A3-9474-1A3956D46DE8}") = "policy", "policy", "{FCA9C432-19AB-A3D7-EE8A-563159CE505C}"
EndProject
Project("{2150E333-8FDC-42A3-9474-1A3956D46DE8}") = "node_modules", "node_modules", "{29A6F243-20E5-4A77-933D-D42DFE8E5D31}"
EndProject
Project("{2150E333-8FDC-42A3-9474-1A3956D46DE8}") = "@pulumi", "@pulumi", "{28F61526-CE45-7C86-8D72-BBFD0C0F33A2}"
EndProject
Project("{2150E333-8FDC-42A3-9474-1A3956D46DE8}") = "pulumi", "pulumi", "{7DC9BA20-A015-FF0D-ADDC-289A1E246921}"
EndProject
Project("{2150E333-8FDC-42A3-9474-1A3956D46DE8}") = "tests", "tests", "{56748FB8-DCBE-8D00-82BC-49B73269D4DD}"
EndProject
Project("{2150E333-8FDC-42A3-9474-1A3956D46DE8}") = "automation", "automation", "{811F9E47-BE41-9AB6-D305-54E06B23E527}"
EndProject
Project("{2150E333-8FDC-42A3-9474-1A3956D46DE8}") = "data", "data", "{9BFA9143-E562-910C-9C46-2B757040E9D2}"
EndProject
Project("{FAE04EC0-301F-11D3-BF4B-00C04F79EFBC}") = "TestProj", "aws-policy-as-code\compliance-ready-policies\policy\node_modules\@pulumi\pulumi\tests\automation\data\testproj_dotnet\TestProj.csproj", "{4E2E01CC-0B57-C697-F661-4E87CB42C437}"
EndProject
Project("{2150E333-8FDC-42A3-9474-1A3956D46DE8}") = "snyk-policy-scanning", "snyk-policy-scanning", "{2B3ADCB1-CD76-3C7A-A43E-7FBE50F11611}"
EndProject
Project("{2150E333-8FDC-42A3-9474-1A3956D46DE8}") = "infra", "infra", "{13FF8C16-00C7-14F1-0DBD-92E102F72417}"
EndProject
Project("{2150E333-8FDC-42A3-9474-1A3956D46DE8}") = "node_modules", "node_modules", "{8B3965BE-AD34-621F-C97C-4C4C290462C6}"
EndProject
Project("{2150E333-8FDC-42A3-9474-1A3956D46DE8}") = "@pulumi", "@pulumi", "{A2A1DCE9-4ED9-FFF1-5F0B-A068E83B2A45}"
EndProject
Project("{2150E333-8FDC-42A3-9474-1A3956D46DE8}") = "pulumi", "pulumi", "{1F9A24AF-CBED-F542-76BF-3F225766E18D}"
EndProject
Project("{2150E333-8FDC-42A3-9474-1A3956D46DE8}") = "tests", "tests", "{43A8C833-F317-201E-794C-4752E51C465B}"
EndProject
Project("{2150E333-8FDC-42A3-9474-1A3956D46DE8}") = "automation", "automation", "{3C4E8F26-62C0-C5BD-B243-9ADA1E2842AF}"
EndProject
Project("{2150E333-8FDC-42A3-9474-1A3956D46DE8}") = "data", "data", "{589CFBD9-3E89-3F73-0DE0-AE8595AE71B3}"
EndProject
Project("{FAE04EC0-301F-11D3-BF4B-00C04F79EFBC}") = "TestProj", "aws-policy-as-code\snyk-policy-scanning\infra\node_modules\@pulumi\pulumi\tests\automation\data\testproj_dotnet\TestProj.csproj", "{487C5CD4-476F-2406-0D72-A6D5CE2AC377}"
EndProject
Project("{2150E333-8FDC-42A3-9474-1A3956D46DE8}") = "policy", "policy", "{0C6A774E-CA39-789C-BCE3-5E323CCBCF94}"
EndProject
Project("{2150E333-8FDC-42A3-9474-1A3956D46DE8}") = "node_modules", "node_modules", "{9A2105DD-778B-9B4A-70A7-AB0E92DE432A}"
EndProject
Project("{2150E333-8FDC-42A3-9474-1A3956D46DE8}") = "@pulumi", "@pulumi", "{0F608E7A-6202-E738-D227-FD1BEF8654DC}"
EndProject
Project("{2150E333-8FDC-42A3-9474-1A3956D46DE8}") = "pulumi", "pulumi", "{08E14765-E7FF-67B8-E43B-118956DA3AD7}"
EndProject
Project("{2150E333-8FDC-42A3-9474-1A3956D46DE8}") = "tests", "tests", "{22C04778-BDC7-21A2-99F4-B69CE425B4FA}"
EndProject
Project("{2150E333-8FDC-42A3-9474-1A3956D46DE8}") = "automation", "automation", "{C875FCF3-2179-F852-6933-852768B26DC9}"
EndProject
Project("{2150E333-8FDC-42A3-9474-1A3956D46DE8}") = "data", "data", "{D6DEA779-A98A-3A92-4467-100AE35C18ED}"
EndProject
Project("{FAE04EC0-301F-11D3-BF4B-00C04F79EFBC}") = "TestProj", "aws-policy-as-code\snyk-policy-scanning\policy\node_modules\@pulumi\pulumi\tests\automation\data\testproj_dotnet\TestProj.csproj", "{C7EEA696-45BB-C195-DF80-7000789868CD}"
EndProject
Project("{2150E333-8FDC-42A3-9474-1A3956D46DE8}") = "stackrefs-example", "stackrefs-example", "{089763D0-CDB1-3357-CE33-3D35DEC28267}"
EndProject
Project("{2150E333-8FDC-42A3-9474-1A3956D46DE8}") = "vpc-infra", "vpc-infra", "{2BCE2251-6DCE-D9D5-9254-A27B5A0B99CA}"
EndProject
Project("{2150E333-8FDC-42A3-9474-1A3956D46DE8}") = "node_modules", "node_modules", "{425AC452-BD9E-5108-7EEE-4A7F7D960CA0}"
EndProject
Project("{2150E333-8FDC-42A3-9474-1A3956D46DE8}") = "@pulumi", "@pulumi", "{19EB39CB-C9D0-2BA8-067C-2CB4AA61E633}"
EndProject
Project("{2150E333-8FDC-42A3-9474-1A3956D46DE8}") = "pulumi", "pulumi", "{8E39A18B-6021-DFA4-2B34-30B30377EF6C}"
EndProject
Project("{2150E333-8FDC-42A3-9474-1A3956D46DE8}") = "tests", "tests", "{768ED6C1-5152-2ADF-E661-633659F6137E}"
EndProject
Project("{2150E333-8FDC-42A3-9474-1A3956D46DE8}") = "automation", "automation", "{289827E3-0186-5ED5-99AB-BD6E969A5B1C}"
EndProject
Project("{2150E333-8FDC-42A3-9474-1A3956D46DE8}") = "data", "data", "{326F22C7-F48D-C5BB-1AA3-890239B35293}"
EndProject
Project("{FAE04EC0-301F-11D3-BF4B-00C04F79EFBC}") = "TestProj", "esc-workshop\stackrefs-example\vpc-infra\node_modules\@pulumi\pulumi\tests\automation\data\testproj_dotnet\TestProj.csproj", "{4A3ECB13-969E-705A-F829-5FEF9E03D2E6}"
EndProject
Project("{2150E333-8FDC-42A3-9474-1A3956D46DE8}") = "eks-infra", "eks-infra", "{BEF68ABF-41F7-6BA8-6AF8-CB8ECEFA284D}"
EndProject
Project("{2150E333-8FDC-42A3-9474-1A3956D46DE8}") = "node_modules", "node_modules", "{A03443B1-6A95-9B07-F08D-947E51F5273A}"
EndProject
Project("{2150E333-8FDC-42A3-9474-1A3956D46DE8}") = "@pulumi", "@pulumi", "{4FE3F4A3-6328-80CA-7311-430F1E5F1367}"
EndProject
Project("{2150E333-8FDC-42A3-9474-1A3956D46DE8}") = "pulumi", "pulumi", "{AA24D53D-3A6A-2475-FA94-68CC337791FA}"
EndProject
Project("{2150E333-8FDC-42A3-9474-1A3956D46DE8}") = "tests", "tests", "{6777D3FB-CB3C-10CD-54E2-A5A9290E4FD2}"
EndProject
Project("{2150E333-8FDC-42A3-9474-1A3956D46DE8}") = "automation", "automation", "{1041D0E5-6D4E-B051-6786-E19743EF4A5B}"
EndProject
Project("{2150E333-8FDC-42A3-9474-1A3956D46DE8}") = "data", "data", "{263EA3D3-6F00-35E4-ABA3-D12A8DEDA01F}"
EndProject
Project("{FAE04EC0-301F-11D3-BF4B-00C04F79EFBC}") = "TestProj", "esc-workshop\stackrefs-example\eks-infra\node_modules\@pulumi\pulumi\tests\automation\data\testproj_dotnet\TestProj.csproj", "{04044A8C-53A5-2A59-95D1-067F3FD2C781}"
EndProject
Project("{2150E333-8FDC-42A3-9474-1A3956D46DE8}") = "k8s-infra", "k8s-infra", "{2B51BB25-526F-F77B-8371-B9D8902D82C2}"
EndProject
Project("{2150E333-8FDC-42A3-9474-1A3956D46DE8}") = "node_modules", "node_modules", "{7E14A1CB-C1E1-E98E-1367-DF0D72466E47}"
EndProject
Project("{2150E333-8FDC-42A3-9474-1A3956D46DE8}") = "@pulumi", "@pulumi", "{5D7557B3-29B1-0B23-B5A4-F5E17FC096C4}"
EndProject
Project("{2150E333-8FDC-42A3-9474-1A3956D46DE8}") = "pulumi", "pulumi", "{6878DAB0-28DF-223C-37A9-D9E11FA1BB81}"
EndProject
Project("{2150E333-8FDC-42A3-9474-1A3956D46DE8}") = "tests", "tests", "{63A6BA0D-91E0-4A59-421E-AE5DB1362DA0}"
EndProject
Project("{2150E333-8FDC-42A3-9474-1A3956D46DE8}") = "automation", "automation", "{EF4DA569-D857-A0C5-EF82-136AC0D026F5}"
EndProject
Project("{2150E333-8FDC-42A3-9474-1A3956D46DE8}") = "data", "data", "{D7C4A2BA-D9FA-A0A3-984E-86AB302E3309}"
EndProject
Project("{FAE04EC0-301F-11D3-BF4B-00C04F79EFBC}") = "TestProj", "esc-workshop\stackrefs-example\k8s-infra\node_modules\@pulumi\pulumi\tests\automation\data\testproj_dotnet\TestProj.csproj", "{D6E8E068-5237-FF10-E433-2EAADD807BCC}"
EndProject
Project("{2150E333-8FDC-42A3-9474-1A3956D46DE8}") = "proton", "proton", "{EBF233E5-4A99-6826-B5A4-DB19BAE6FC51}"
EndProject
Project("{2150E333-8FDC-42A3-9474-1A3956D46DE8}") = "service-template", "service-template", "{DF77F28E-3F04-FDD4-B18A-0A486DC1D9EA}"
EndProject
Project("{2150E333-8FDC-42A3-9474-1A3956D46DE8}") = "node_modules", "node_modules", "{5415B821-D240-40B9-01DF-AECC04B6FABF}"
EndProject
Project("{2150E333-8FDC-42A3-9474-1A3956D46DE8}") = "@pulumi", "@pulumi", "{678C93D8-3914-1DBC-D261-F961B780BBEF}"
EndProject
Project("{2150E333-8FDC-42A3-9474-1A3956D46DE8}") = "pulumi", "pulumi", "{6D7B459D-4510-271E-98CF-C931BED436C3}"
EndProject
Project("{2150E333-8FDC-42A3-9474-1A3956D46DE8}") = "tests", "tests", "{76278407-2024-6808-7769-4B29263D7243}"
EndProject
Project("{2150E333-8FDC-42A3-9474-1A3956D46DE8}") = "automation", "automation", "{FF3B30F8-92F1-DA73-195C-3B5F9DF9DBC0}"
EndProject
Project("{2150E333-8FDC-42A3-9474-1A3956D46DE8}") = "data", "data", "{C28BCE27-1554-8784-11BD-50FE3FA9392F}"
EndProject
Project("{FAE04EC0-301F-11D3-BF4B-00C04F79EFBC}") = "TestProj", "aws-proton\proton\service-template\node_modules\@pulumi\pulumi\tests\automation\data\testproj_dotnet\TestProj.csproj", "{2B734830-4F57-30E7-8FB0-FBB7C412583A}"
EndProject
Project("{2150E333-8FDC-42A3-9474-1A3956D46DE8}") = "base-infra", "base-infra", "{F67ACB60-E06F-7FF2-F8E3-38A30D41A2D8}"
EndProject
Project("{2150E333-8FDC-42A3-9474-1A3956D46DE8}") = "node_modules", "node_modules", "{336101B8-5AE2-DA2A-738A-96F4EFA70171}"
EndProject
Project("{2150E333-8FDC-42A3-9474-1A3956D46DE8}") = "@pulumi", "@pulumi", "{3499C65A-57C7-94AD-4902-28C579C8961C}"
EndProject
Project("{2150E333-8FDC-42A3-9474-1A3956D46DE8}") = "pulumi", "pulumi", "{5CA556F6-83DB-0E71-9D49-0A947A27B4A6}"
EndProject
Project("{2150E333-8FDC-42A3-9474-1A3956D46DE8}") = "tests", "tests", "{9C11AA8E-1CA9-42C3-EFBE-7CB01F763CA5}"
EndProject
Project("{2150E333-8FDC-42A3-9474-1A3956D46DE8}") = "automation", "automation", "{64B6EF3A-F0DD-781A-692C-6F1A1EFD7A4C}"
EndProject
Project("{2150E333-8FDC-42A3-9474-1A3956D46DE8}") = "data", "data", "{4A93768B-CA1D-135C-F987-A335F8FB1174}"
EndProject
Project("{FAE04EC0-301F-11D3-BF4B-00C04F79EFBC}") = "TestProj", "aws-proton\proton\base-infra\node_modules\@pulumi\pulumi\tests\automation\data\testproj_dotnet\TestProj.csproj", "{1052F0CD-A6EE-3157-A93E-C647943BEAC9}"
EndProject
Project("{2150E333-8FDC-42A3-9474-1A3956D46DE8}") = "environment-template", "environment-template", "{9E1E9E34-8FFB-E70B-4345-BD632D3F7133}"
EndProject
Project("{2150E333-8FDC-42A3-9474-1A3956D46DE8}") = "node_modules", "node_modules", "{ABE0D907-AD52-25B0-0C29-0478394A7ECA}"
EndProject
Project("{2150E333-8FDC-42A3-9474-1A3956D46DE8}") = "@pulumi", "@pulumi", "{180ED740-326B-03A5-1FF6-C527749D7569}"
EndProject
Project("{2150E333-8FDC-42A3-9474-1A3956D46DE8}") = "pulumi", "pulumi", "{54EAEAC5-08D3-3E32-982B-25C9958E9B0D}"
EndProject
Project("{2150E333-8FDC-42A3-9474-1A3956D46DE8}") = "tests", "tests", "{ACBF53BE-B69C-EB79-B8C6-D994FD95C058}"
EndProject
Project("{2150E333-8FDC-42A3-9474-1A3956D46DE8}") = "automation", "automation", "{2C9F3B02-A453-502B-5468-C34F12BBE07A}"
EndProject
Project("{2150E333-8FDC-42A3-9474-1A3956D46DE8}") = "data", "data", "{1CD67918-84EC-85E2-B5D7-27D655CD6925}"
EndProject
Project("{FAE04EC0-301F-11D3-BF4B-00C04F79EFBC}") = "TestProj", "aws-proton\proton\environment-template\node_modules\@pulumi\pulumi\tests\automation\data\testproj_dotnet\TestProj.csproj", "{FCE61B60-A9CA-3ADA-7707-1C6B88AA53FB}"
EndProject
Global
	GlobalSection(SolutionConfigurationPlatforms) = preSolution
		Debug|Any CPU = Debug|Any CPU
		Release|Any CPU = Release|Any CPU
	EndGlobalSection
	GlobalSection(ProjectConfigurationPlatforms) = postSolution
		{58763317-A7B5-934D-9766-27A6FCC233AE}.Debug|Any CPU.ActiveCfg = Debug|Any CPU
		{58763317-A7B5-934D-9766-27A6FCC233AE}.Debug|Any CPU.Build.0 = Debug|Any CPU
		{58763317-A7B5-934D-9766-27A6FCC233AE}.Release|Any CPU.ActiveCfg = Release|Any CPU
		{58763317-A7B5-934D-9766-27A6FCC233AE}.Release|Any CPU.Build.0 = Release|Any CPU
		{C79DE780-71DB-5882-879C-A4F0711729FE}.Debug|Any CPU.ActiveCfg = Debug|Any CPU
		{C79DE780-71DB-5882-879C-A4F0711729FE}.Debug|Any CPU.Build.0 = Debug|Any CPU
		{C79DE780-71DB-5882-879C-A4F0711729FE}.Release|Any CPU.ActiveCfg = Release|Any CPU
		{C79DE780-71DB-5882-879C-A4F0711729FE}.Release|Any CPU.Build.0 = Release|Any CPU
		{4C388F1E-3162-1544-D243-A704D3CC8BD1}.Debug|Any CPU.ActiveCfg = Debug|Any CPU
		{4C388F1E-3162-1544-D243-A704D3CC8BD1}.Debug|Any CPU.Build.0 = Debug|Any CPU
		{4C388F1E-3162-1544-D243-A704D3CC8BD1}.Release|Any CPU.ActiveCfg = Release|Any CPU
		{4C388F1E-3162-1544-D243-A704D3CC8BD1}.Release|Any CPU.Build.0 = Release|Any CPU
		{4848F784-01A5-061A-6AAF-7C54328DA982}.Debug|Any CPU.ActiveCfg = Debug|Any CPU
		{4848F784-01A5-061A-6AAF-7C54328DA982}.Debug|Any CPU.Build.0 = Debug|Any CPU
		{4848F784-01A5-061A-6AAF-7C54328DA982}.Release|Any CPU.ActiveCfg = Release|Any CPU
		{4848F784-01A5-061A-6AAF-7C54328DA982}.Release|Any CPU.Build.0 = Release|Any CPU
		{441672E3-E7B8-4D57-1E23-AAC8A2687175}.Debug|Any CPU.ActiveCfg = Debug|Any CPU
		{441672E3-E7B8-4D57-1E23-AAC8A2687175}.Debug|Any CPU.Build.0 = Debug|Any CPU
		{441672E3-E7B8-4D57-1E23-AAC8A2687175}.Release|Any CPU.ActiveCfg = Release|Any CPU
		{441672E3-E7B8-4D57-1E23-AAC8A2687175}.Release|Any CPU.Build.0 = Release|Any CPU
		{B7F13D16-0D78-1FEA-96BF-092E32687F6C}.Debug|Any CPU.ActiveCfg = Debug|Any CPU
		{B7F13D16-0D78-1FEA-96BF-092E32687F6C}.Debug|Any CPU.Build.0 = Debug|Any CPU
		{B7F13D16-0D78-1FEA-96BF-092E32687F6C}.Release|Any CPU.ActiveCfg = Release|Any CPU
		{B7F13D16-0D78-1FEA-96BF-092E32687F6C}.Release|Any CPU.Build.0 = Release|Any CPU
		{79429759-C59C-9AF5-6F4B-B46625898670}.Debug|Any CPU.ActiveCfg = Debug|Any CPU
		{79429759-C59C-9AF5-6F4B-B46625898670}.Debug|Any CPU.Build.0 = Debug|Any CPU
		{79429759-C59C-9AF5-6F4B-B46625898670}.Release|Any CPU.ActiveCfg = Release|Any CPU
		{79429759-C59C-9AF5-6F4B-B46625898670}.Release|Any CPU.Build.0 = Release|Any CPU
		{6A28A651-AC74-ECFE-453F-F08EAD068BA4}.Debug|Any CPU.ActiveCfg = Debug|Any CPU
		{6A28A651-AC74-ECFE-453F-F08EAD068BA4}.Debug|Any CPU.Build.0 = Debug|Any CPU
		{6A28A651-AC74-ECFE-453F-F08EAD068BA4}.Release|Any CPU.ActiveCfg = Release|Any CPU
		{6A28A651-AC74-ECFE-453F-F08EAD068BA4}.Release|Any CPU.Build.0 = Release|Any CPU
		{F6A9674E-A152-D961-A5F8-4A5017260C3C}.Debug|Any CPU.ActiveCfg = Debug|Any CPU
		{F6A9674E-A152-D961-A5F8-4A5017260C3C}.Debug|Any CPU.Build.0 = Debug|Any CPU
		{F6A9674E-A152-D961-A5F8-4A5017260C3C}.Release|Any CPU.ActiveCfg = Release|Any CPU
		{F6A9674E-A152-D961-A5F8-4A5017260C3C}.Release|Any CPU.Build.0 = Release|Any CPU
		{3DCF07DA-1BCC-6048-395A-B22E764FAF7C}.Debug|Any CPU.ActiveCfg = Debug|Any CPU
		{3DCF07DA-1BCC-6048-395A-B22E764FAF7C}.Debug|Any CPU.Build.0 = Debug|Any CPU
		{3DCF07DA-1BCC-6048-395A-B22E764FAF7C}.Release|Any CPU.ActiveCfg = Release|Any CPU
		{3DCF07DA-1BCC-6048-395A-B22E764FAF7C}.Release|Any CPU.Build.0 = Release|Any CPU
		{C67B3292-E7C8-54FD-68BC-10D29C24B8FE}.Debug|Any CPU.ActiveCfg = Debug|Any CPU
		{C67B3292-E7C8-54FD-68BC-10D29C24B8FE}.Debug|Any CPU.Build.0 = Debug|Any CPU
		{C67B3292-E7C8-54FD-68BC-10D29C24B8FE}.Release|Any CPU.ActiveCfg = Release|Any CPU
		{C67B3292-E7C8-54FD-68BC-10D29C24B8FE}.Release|Any CPU.Build.0 = Release|Any CPU
		{6FABEA09-CFAA-8BE3-A578-E6AB8265399A}.Debug|Any CPU.ActiveCfg = Debug|Any CPU
		{6FABEA09-CFAA-8BE3-A578-E6AB8265399A}.Debug|Any CPU.Build.0 = Debug|Any CPU
		{6FABEA09-CFAA-8BE3-A578-E6AB8265399A}.Release|Any CPU.ActiveCfg = Release|Any CPU
		{6FABEA09-CFAA-8BE3-A578-E6AB8265399A}.Release|Any CPU.Build.0 = Release|Any CPU
		{FE20F467-8E95-C8CA-EA76-8DF4CE3749A9}.Debug|Any CPU.ActiveCfg = Debug|Any CPU
		{FE20F467-8E95-C8CA-EA76-8DF4CE3749A9}.Debug|Any CPU.Build.0 = Debug|Any CPU
		{FE20F467-8E95-C8CA-EA76-8DF4CE3749A9}.Release|Any CPU.ActiveCfg = Release|Any CPU
		{FE20F467-8E95-C8CA-EA76-8DF4CE3749A9}.Release|Any CPU.Build.0 = Release|Any CPU
		{4E2E01CC-0B57-C697-F661-4E87CB42C437}.Debug|Any CPU.ActiveCfg = Debug|Any CPU
		{4E2E01CC-0B57-C697-F661-4E87CB42C437}.Debug|Any CPU.Build.0 = Debug|Any CPU
		{4E2E01CC-0B57-C697-F661-4E87CB42C437}.Release|Any CPU.ActiveCfg = Release|Any CPU
		{4E2E01CC-0B57-C697-F661-4E87CB42C437}.Release|Any CPU.Build.0 = Release|Any CPU
		{487C5CD4-476F-2406-0D72-A6D5CE2AC377}.Debug|Any CPU.ActiveCfg = Debug|Any CPU
		{487C5CD4-476F-2406-0D72-A6D5CE2AC377}.Debug|Any CPU.Build.0 = Debug|Any CPU
		{487C5CD4-476F-2406-0D72-A6D5CE2AC377}.Release|Any CPU.ActiveCfg = Release|Any CPU
		{487C5CD4-476F-2406-0D72-A6D5CE2AC377}.Release|Any CPU.Build.0 = Release|Any CPU
		{C7EEA696-45BB-C195-DF80-7000789868CD}.Debug|Any CPU.ActiveCfg = Debug|Any CPU
		{C7EEA696-45BB-C195-DF80-7000789868CD}.Debug|Any CPU.Build.0 = Debug|Any CPU
		{C7EEA696-45BB-C195-DF80-7000789868CD}.Release|Any CPU.ActiveCfg = Release|Any CPU
		{C7EEA696-45BB-C195-DF80-7000789868CD}.Release|Any CPU.Build.0 = Release|Any CPU
		{4A3ECB13-969E-705A-F829-5FEF9E03D2E6}.Debug|Any CPU.ActiveCfg = Debug|Any CPU
		{4A3ECB13-969E-705A-F829-5FEF9E03D2E6}.Debug|Any CPU.Build.0 = Debug|Any CPU
		{4A3ECB13-969E-705A-F829-5FEF9E03D2E6}.Release|Any CPU.ActiveCfg = Release|Any CPU
		{4A3ECB13-969E-705A-F829-5FEF9E03D2E6}.Release|Any CPU.Build.0 = Release|Any CPU
		{04044A8C-53A5-2A59-95D1-067F3FD2C781}.Debug|Any CPU.ActiveCfg = Debug|Any CPU
		{04044A8C-53A5-2A59-95D1-067F3FD2C781}.Debug|Any CPU.Build.0 = Debug|Any CPU
		{04044A8C-53A5-2A59-95D1-067F3FD2C781}.Release|Any CPU.ActiveCfg = Release|Any CPU
		{04044A8C-53A5-2A59-95D1-067F3FD2C781}.Release|Any CPU.Build.0 = Release|Any CPU
		{D6E8E068-5237-FF10-E433-2EAADD807BCC}.Debug|Any CPU.ActiveCfg = Debug|Any CPU
		{D6E8E068-5237-FF10-E433-2EAADD807BCC}.Debug|Any CPU.Build.0 = Debug|Any CPU
		{D6E8E068-5237-FF10-E433-2EAADD807BCC}.Release|Any CPU.ActiveCfg = Release|Any CPU
		{D6E8E068-5237-FF10-E433-2EAADD807BCC}.Release|Any CPU.Build.0 = Release|Any CPU
		{2B734830-4F57-30E7-8FB0-FBB7C412583A}.Debug|Any CPU.ActiveCfg = Debug|Any CPU
		{2B734830-4F57-30E7-8FB0-FBB7C412583A}.Debug|Any CPU.Build.0 = Debug|Any CPU
		{2B734830-4F57-30E7-8FB0-FBB7C412583A}.Release|Any CPU.ActiveCfg = Release|Any CPU
		{2B734830-4F57-30E7-8FB0-FBB7C412583A}.Release|Any CPU.Build.0 = Release|Any CPU
		{1052F0CD-A6EE-3157-A93E-C647943BEAC9}.Debug|Any CPU.ActiveCfg = Debug|Any CPU
		{1052F0CD-A6EE-3157-A93E-C647943BEAC9}.Debug|Any CPU.Build.0 = Debug|Any CPU
		{1052F0CD-A6EE-3157-A93E-C647943BEAC9}.Release|Any CPU.ActiveCfg = Release|Any CPU
		{1052F0CD-A6EE-3157-A93E-C647943BEAC9}.Release|Any CPU.Build.0 = Release|Any CPU
		{FCE61B60-A9CA-3ADA-7707-1C6B88AA53FB}.Debug|Any CPU.ActiveCfg = Debug|Any CPU
		{FCE61B60-A9CA-3ADA-7707-1C6B88AA53FB}.Debug|Any CPU.Build.0 = Debug|Any CPU
		{FCE61B60-A9CA-3ADA-7707-1C6B88AA53FB}.Release|Any CPU.ActiveCfg = Release|Any CPU
		{FCE61B60-A9CA-3ADA-7707-1C6B88AA53FB}.Release|Any CPU.Build.0 = Release|Any CPU
	EndGlobalSection
	GlobalSection(SolutionProperties) = preSolution
		HideSolutionNode = FALSE
	EndGlobalSection
	GlobalSection(NestedProjects) = preSolution
		{A267CEEC-7C73-683E-1746-42F654ACCDA6} = {44261DC7-B123-E3F2-0105-7A42BDE82361}
		{FE146157-0679-5EE2-FB23-3D6E806039EA} = {A267CEEC-7C73-683E-1746-42F654ACCDA6}
		{3AE2DAB2-807A-27D9-0BBB-B532BFCD108E} = {FE146157-0679-5EE2-FB23-3D6E806039EA}
		{9E00050B-F545-A6D3-919B-F4192F51DBE9} = {3AE2DAB2-807A-27D9-0BBB-B532BFCD108E}
		{A65E4E41-466C-ACC6-E229-9E9CAEABB0A0} = {9E00050B-F545-A6D3-919B-F4192F51DBE9}
		{95E11D34-1B6B-186C-DF83-CF0C5ACFC1B2} = {A65E4E41-466C-ACC6-E229-9E9CAEABB0A0}
		{C79DE780-71DB-5882-879C-A4F0711729FE} = {95E11D34-1B6B-186C-DF83-CF0C5ACFC1B2}
		{222698F5-7888-A1C7-99AC-7EA103548340} = {ED5A9032-58EC-8F82-2534-5C209D097B6B}
		{C0CFF484-3B38-627D-5567-7F80D21376D1} = {222698F5-7888-A1C7-99AC-7EA103548340}
		{12EFEB87-9868-E443-816C-02A980657DD6} = {C0CFF484-3B38-627D-5567-7F80D21376D1}
		{A7AFC2C5-56B7-E6A9-715C-2CAB0CA54CAA} = {12EFEB87-9868-E443-816C-02A980657DD6}
		{A6D8A5A3-F2B8-8DB2-8DDC-0E6B1ADEC829} = {A7AFC2C5-56B7-E6A9-715C-2CAB0CA54CAA}
		{9CC38F74-6EED-DC94-D55E-FD5F06CBDB06} = {A6D8A5A3-F2B8-8DB2-8DDC-0E6B1ADEC829}
		{4C388F1E-3162-1544-D243-A704D3CC8BD1} = {9CC38F74-6EED-DC94-D55E-FD5F06CBDB06}
		{2F495CCD-69EE-E7F2-F199-792BFD578705} = {83DBC27C-CBB2-7048-9335-24BC2EF67653}
		{B82ADBB8-5920-AAE1-B7BB-B4656C0809BD} = {2F495CCD-69EE-E7F2-F199-792BFD578705}
		{22346AD8-A477-1C8E-15D9-8A10086D7BD4} = {B82ADBB8-5920-AAE1-B7BB-B4656C0809BD}
		{120FAC2A-0322-F9F7-A737-6C8C70286652} = {22346AD8-A477-1C8E-15D9-8A10086D7BD4}
		{D1FC5CB4-3DF3-4DD1-8A51-62E4F130AEAB} = {120FAC2A-0322-F9F7-A737-6C8C70286652}
		{F42EDFF7-3D8A-566C-1071-87C67DE0851E} = {D1FC5CB4-3DF3-4DD1-8A51-62E4F130AEAB}
		{4848F784-01A5-061A-6AAF-7C54328DA982} = {F42EDFF7-3D8A-566C-1071-87C67DE0851E}
		{8F630309-8C30-AD72-B02F-598BFBA0C1CA} = {6C484023-EB8F-4079-701B-991D280AFC38}
		{48F5934A-47A3-303D-A1B9-21E0F860C75A} = {8F630309-8C30-AD72-B02F-598BFBA0C1CA}
		{02D67740-5CFA-D06B-4C39-FD808AB13E64} = {48F5934A-47A3-303D-A1B9-21E0F860C75A}
		{5C6C721B-8162-3875-3B7C-D932B35DAD4F} = {02D67740-5CFA-D06B-4C39-FD808AB13E64}
		{9186C904-8B12-AD0F-0405-AF6FD5B92F8D} = {5C6C721B-8162-3875-3B7C-D932B35DAD4F}
		{CD20B7F9-D77F-DE26-235F-A0B461A65EB4} = {9186C904-8B12-AD0F-0405-AF6FD5B92F8D}
		{441672E3-E7B8-4D57-1E23-AAC8A2687175} = {CD20B7F9-D77F-DE26-235F-A0B461A65EB4}
		{79B458E1-B799-73FA-E329-A4998539E758} = {D0104942-3AC0-3041-3FD8-EA6903DBB413}
		{0A19EF16-1DA5-0AE7-6E70-265DE60A5A4F} = {79B458E1-B799-73FA-E329-A4998539E758}
		{EC5AE5CD-D849-FEFD-FAA8-E30D3692C059} = {0A19EF16-1DA5-0AE7-6E70-265DE60A5A4F}
		{34F170EE-23E7-2397-EABD-3F25CCF8063E} = {EC5AE5CD-D849-FEFD-FAA8-E30D3692C059}
		{8C4E36BD-3F28-C53A-9C90-FF555B7108B6} = {34F170EE-23E7-2397-EABD-3F25CCF8063E}
		{49B89EF7-563F-513A-C4A2-2004A50C4830} = {8C4E36BD-3F28-C53A-9C90-FF555B7108B6}
		{B7F13D16-0D78-1FEA-96BF-092E32687F6C} = {49B89EF7-563F-513A-C4A2-2004A50C4830}
		{B12C9AC9-2E62-79D7-9C36-A33C62AFF9E7} = {25F58092-CFF8-6561-0C9E-77C5607ED30C}
		{1E77862A-D79E-A3B5-80F0-C458501969DD} = {B12C9AC9-2E62-79D7-9C36-A33C62AFF9E7}
		{2B58A504-016C-A216-F3F5-5C3A97B73F05} = {1E77862A-D79E-A3B5-80F0-C458501969DD}
		{57B77CBE-78C9-4749-3036-F9019B1613D1} = {2B58A504-016C-A216-F3F5-5C3A97B73F05}
		{6C1EB7C1-DF76-F37D-7A33-09D5C43FAD77} = {57B77CBE-78C9-4749-3036-F9019B1613D1}
		{7A7A7E19-953F-3FB8-FF40-AC98856F2E72} = {6C1EB7C1-DF76-F37D-7A33-09D5C43FAD77}
		{79429759-C59C-9AF5-6F4B-B46625898670} = {7A7A7E19-953F-3FB8-FF40-AC98856F2E72}
		{00C54E1F-8CB6-3244-2FE1-963064849CD3} = {63CC1519-2C6F-3D30-C578-270E8165B513}
		{0E8F1A80-2908-BD92-F282-D2F20ACE9839} = {00C54E1F-8CB6-3244-2FE1-963064849CD3}
		{9CA92907-4732-4BC1-B770-1F8DBC71ED2A} = {0E8F1A80-2908-BD92-F282-D2F20ACE9839}
		{BCB1BC7D-3B29-CB80-F06D-AC220C61D663} = {9CA92907-4732-4BC1-B770-1F8DBC71ED2A}
		{719A9559-1DEF-08C6-CDB8-3F48E124053D} = {BCB1BC7D-3B29-CB80-F06D-AC220C61D663}
		{E558A9EB-4AD1-2FAD-E021-27DFD54D9946} = {719A9559-1DEF-08C6-CDB8-3F48E124053D}
		{E3C66077-9663-FE58-3734-556DA8FE3B62} = {E558A9EB-4AD1-2FAD-E021-27DFD54D9946}
		{6A28A651-AC74-ECFE-453F-F08EAD068BA4} = {E3C66077-9663-FE58-3734-556DA8FE3B62}
		{E6876D80-B0A6-6D6D-2513-BB0A855F41BE} = {4F164FE9-522B-1D99-3680-04DF8E4C9C27}
		{136B768D-9879-07C4-8E88-2DC62E46F9FC} = {E6876D80-B0A6-6D6D-2513-BB0A855F41BE}
		{7973A4B8-B07F-EBBD-92B1-29EFBB190037} = {136B768D-9879-07C4-8E88-2DC62E46F9FC}
		{CF92E1CB-E22B-3E73-938F-59D0B1842301} = {7973A4B8-B07F-EBBD-92B1-29EFBB190037}
		{44350578-DAE8-4C64-24D5-5E95652FF2D0} = {CF92E1CB-E22B-3E73-938F-59D0B1842301}
		{8579FABC-68D6-DCBF-5DE2-870074A1603D} = {44350578-DAE8-4C64-24D5-5E95652FF2D0}
		{5E308D18-054E-2C04-FFD3-6846D7F2216C} = {8579FABC-68D6-DCBF-5DE2-870074A1603D}
		{F6A9674E-A152-D961-A5F8-4A5017260C3C} = {5E308D18-054E-2C04-FFD3-6846D7F2216C}
		{20C85CA6-7E48-AF13-A268-18A5CCE562CA} = {90C048FE-1CF3-5E91-0383-395DC3925B29}
		{A2FD73D4-47EB-3924-E151-433644833446} = {20C85CA6-7E48-AF13-A268-18A5CCE562CA}
		{6B904425-CE70-A0B3-5A07-1FA45372A144} = {A2FD73D4-47EB-3924-E151-433644833446}
		{48ABD681-44F7-F2FB-5A87-2F0A6449D7B3} = {6B904425-CE70-A0B3-5A07-1FA45372A144}
		{ED4439B4-3991-6972-0CDA-B523AF0F214A} = {48ABD681-44F7-F2FB-5A87-2F0A6449D7B3}
		{DD8B3CCB-A66B-5F30-D557-676DE2586C9E} = {ED4439B4-3991-6972-0CDA-B523AF0F214A}
		{115927F7-BB4C-7F2C-D081-81537625899F} = {DD8B3CCB-A66B-5F30-D557-676DE2586C9E}
		{3DCF07DA-1BCC-6048-395A-B22E764FAF7C} = {115927F7-BB4C-7F2C-D081-81537625899F}
		{B34B6087-060C-69A2-DA78-7DED8DA8FA82} = {ED8CB1B0-62B5-5433-C27C-188322F6E5E8}
		{D846051A-8B33-8AFB-703B-86E328A80892} = {B34B6087-060C-69A2-DA78-7DED8DA8FA82}
		{9F212901-C8D2-C2C0-29C0-A676FBF9857F} = {D846051A-8B33-8AFB-703B-86E328A80892}
		{DFD87255-F185-8352-ABFF-5B011F7AA6D8} = {9F212901-C8D2-C2C0-29C0-A676FBF9857F}
		{5C95C27E-4137-82D8-B73F-E73FEF8BC431} = {DFD87255-F185-8352-ABFF-5B011F7AA6D8}
		{5A1FE715-D7CE-BBD6-554D-26B6B3384F45} = {5C95C27E-4137-82D8-B73F-E73FEF8BC431}
		{3619E6CA-C665-CB3D-82ED-5B4D56285815} = {5A1FE715-D7CE-BBD6-554D-26B6B3384F45}
		{C67B3292-E7C8-54FD-68BC-10D29C24B8FE} = {3619E6CA-C665-CB3D-82ED-5B4D56285815}
		{1160EA2F-DD26-5067-90DA-D65DC0DEBD54} = {ED8CB1B0-62B5-5433-C27C-188322F6E5E8}
		{257A648C-53B4-9E44-DEF3-9463EB5CF12A} = {1160EA2F-DD26-5067-90DA-D65DC0DEBD54}
		{DE551E24-F074-DC57-B841-D5FC6A013BCF} = {257A648C-53B4-9E44-DEF3-9463EB5CF12A}
		{731E8CF5-C57F-E79F-2F3D-32036551187D} = {DE551E24-F074-DC57-B841-D5FC6A013BCF}
		{32D7719C-D3DE-DA1F-37C5-6D1ACB8798D9} = {731E8CF5-C57F-E79F-2F3D-32036551187D}
		{F8E65B82-2CC2-A2D5-7139-AFBEB79BA071} = {32D7719C-D3DE-DA1F-37C5-6D1ACB8798D9}
		{212F18A3-5858-8BAD-9067-94EA27DCA0A9} = {F8E65B82-2CC2-A2D5-7139-AFBEB79BA071}
		{6FABEA09-CFAA-8BE3-A578-E6AB8265399A} = {212F18A3-5858-8BAD-9067-94EA27DCA0A9}
		{F9891B6E-627C-12BD-C72F-E392D248C604} = {BE70246E-C185-43C7-94E1-815C9FE18D9B}
		{249B8265-426B-D9F9-24DC-AF9D7237EB03} = {F9891B6E-627C-12BD-C72F-E392D248C604}
		{DBAB8E4F-4EA0-7FD6-7FFC-EA09B30A987B} = {249B8265-426B-D9F9-24DC-AF9D7237EB03}
		{29968C44-8D16-0C96-A5FC-87388F8F61C4} = {DBAB8E4F-4EA0-7FD6-7FFC-EA09B30A987B}
		{956670CE-97F9-F64D-7BB0-C6138A19B5B6} = {29968C44-8D16-0C96-A5FC-87388F8F61C4}
		{4FCADE86-6693-47F6-1446-0F7C085FDA50} = {956670CE-97F9-F64D-7BB0-C6138A19B5B6}
		{DCB382D4-60D5-A7A7-1A58-BCEDBE8A1731} = {4FCADE86-6693-47F6-1446-0F7C085FDA50}
		{CEE1EBC0-54EF-59A2-BE5B-45DFC468936A} = {DCB382D4-60D5-A7A7-1A58-BCEDBE8A1731}
		{FE20F467-8E95-C8CA-EA76-8DF4CE3749A9} = {CEE1EBC0-54EF-59A2-BE5B-45DFC468936A}
		{FCA9C432-19AB-A3D7-EE8A-563159CE505C} = {F9891B6E-627C-12BD-C72F-E392D248C604}
		{29A6F243-20E5-4A77-933D-D42DFE8E5D31} = {FCA9C432-19AB-A3D7-EE8A-563159CE505C}
		{28F61526-CE45-7C86-8D72-BBFD0C0F33A2} = {29A6F243-20E5-4A77-933D-D42DFE8E5D31}
		{7DC9BA20-A015-FF0D-ADDC-289A1E246921} = {28F61526-CE45-7C86-8D72-BBFD0C0F33A2}
		{56748FB8-DCBE-8D00-82BC-49B73269D4DD} = {7DC9BA20-A015-FF0D-ADDC-289A1E246921}
		{811F9E47-BE41-9AB6-D305-54E06B23E527} = {56748FB8-DCBE-8D00-82BC-49B73269D4DD}
		{9BFA9143-E562-910C-9C46-2B757040E9D2} = {811F9E47-BE41-9AB6-D305-54E06B23E527}
		{4E2E01CC-0B57-C697-F661-4E87CB42C437} = {9BFA9143-E562-910C-9C46-2B757040E9D2}
		{2B3ADCB1-CD76-3C7A-A43E-7FBE50F11611} = {BE70246E-C185-43C7-94E1-815C9FE18D9B}
		{13FF8C16-00C7-14F1-0DBD-92E102F72417} = {2B3ADCB1-CD76-3C7A-A43E-7FBE50F11611}
		{8B3965BE-AD34-621F-C97C-4C4C290462C6} = {13FF8C16-00C7-14F1-0DBD-92E102F72417}
		{A2A1DCE9-4ED9-FFF1-5F0B-A068E83B2A45} = {8B3965BE-AD34-621F-C97C-4C4C290462C6}
		{1F9A24AF-CBED-F542-76BF-3F225766E18D} = {A2A1DCE9-4ED9-FFF1-5F0B-A068E83B2A45}
		{43A8C833-F317-201E-794C-4752E51C465B} = {1F9A24AF-CBED-F542-76BF-3F225766E18D}
		{3C4E8F26-62C0-C5BD-B243-9ADA1E2842AF} = {43A8C833-F317-201E-794C-4752E51C465B}
		{589CFBD9-3E89-3F73-0DE0-AE8595AE71B3} = {3C4E8F26-62C0-C5BD-B243-9ADA1E2842AF}
		{487C5CD4-476F-2406-0D72-A6D5CE2AC377} = {589CFBD9-3E89-3F73-0DE0-AE8595AE71B3}
		{0C6A774E-CA39-789C-BCE3-5E323CCBCF94} = {2B3ADCB1-CD76-3C7A-A43E-7FBE50F11611}
		{9A2105DD-778B-9B4A-70A7-AB0E92DE432A} = {0C6A774E-CA39-789C-BCE3-5E323CCBCF94}
		{0F608E7A-6202-E738-D227-FD1BEF8654DC} = {9A2105DD-778B-9B4A-70A7-AB0E92DE432A}
		{08E14765-E7FF-67B8-E43B-118956DA3AD7} = {0F608E7A-6202-E738-D227-FD1BEF8654DC}
		{22C04778-BDC7-21A2-99F4-B69CE425B4FA} = {08E14765-E7FF-67B8-E43B-118956DA3AD7}
		{C875FCF3-2179-F852-6933-852768B26DC9} = {22C04778-BDC7-21A2-99F4-B69CE425B4FA}
		{D6DEA779-A98A-3A92-4467-100AE35C18ED} = {C875FCF3-2179-F852-6933-852768B26DC9}
		{C7EEA696-45BB-C195-DF80-7000789868CD} = {D6DEA779-A98A-3A92-4467-100AE35C18ED}
		{089763D0-CDB1-3357-CE33-3D35DEC28267} = {247D2A5B-A1E7-3636-ED82-B4A033B9243F}
		{2BCE2251-6DCE-D9D5-9254-A27B5A0B99CA} = {089763D0-CDB1-3357-CE33-3D35DEC28267}
		{425AC452-BD9E-5108-7EEE-4A7F7D960CA0} = {2BCE2251-6DCE-D9D5-9254-A27B5A0B99CA}
		{19EB39CB-C9D0-2BA8-067C-2CB4AA61E633} = {425AC452-BD9E-5108-7EEE-4A7F7D960CA0}
		{8E39A18B-6021-DFA4-2B34-30B30377EF6C} = {19EB39CB-C9D0-2BA8-067C-2CB4AA61E633}
		{768ED6C1-5152-2ADF-E661-633659F6137E} = {8E39A18B-6021-DFA4-2B34-30B30377EF6C}
		{289827E3-0186-5ED5-99AB-BD6E969A5B1C} = {768ED6C1-5152-2ADF-E661-633659F6137E}
		{326F22C7-F48D-C5BB-1AA3-890239B35293} = {289827E3-0186-5ED5-99AB-BD6E969A5B1C}
		{4A3ECB13-969E-705A-F829-5FEF9E03D2E6} = {326F22C7-F48D-C5BB-1AA3-890239B35293}
		{BEF68ABF-41F7-6BA8-6AF8-CB8ECEFA284D} = {089763D0-CDB1-3357-CE33-3D35DEC28267}
		{A03443B1-6A95-9B07-F08D-947E51F5273A} = {BEF68ABF-41F7-6BA8-6AF8-CB8ECEFA284D}
		{4FE3F4A3-6328-80CA-7311-430F1E5F1367} = {A03443B1-6A95-9B07-F08D-947E51F5273A}
		{AA24D53D-3A6A-2475-FA94-68CC337791FA} = {4FE3F4A3-6328-80CA-7311-430F1E5F1367}
		{6777D3FB-CB3C-10CD-54E2-A5A9290E4FD2} = {AA24D53D-3A6A-2475-FA94-68CC337791FA}
		{1041D0E5-6D4E-B051-6786-E19743EF4A5B} = {6777D3FB-CB3C-10CD-54E2-A5A9290E4FD2}
		{263EA3D3-6F00-35E4-ABA3-D12A8DEDA01F} = {1041D0E5-6D4E-B051-6786-E19743EF4A5B}
		{04044A8C-53A5-2A59-95D1-067F3FD2C781} = {263EA3D3-6F00-35E4-ABA3-D12A8DEDA01F}
		{2B51BB25-526F-F77B-8371-B9D8902D82C2} = {089763D0-CDB1-3357-CE33-3D35DEC28267}
		{7E14A1CB-C1E1-E98E-1367-DF0D72466E47} = {2B51BB25-526F-F77B-8371-B9D8902D82C2}
		{5D7557B3-29B1-0B23-B5A4-F5E17FC096C4} = {7E14A1CB-C1E1-E98E-1367-DF0D72466E47}
		{6878DAB0-28DF-223C-37A9-D9E11FA1BB81} = {5D7557B3-29B1-0B23-B5A4-F5E17FC096C4}
		{63A6BA0D-91E0-4A59-421E-AE5DB1362DA0} = {6878DAB0-28DF-223C-37A9-D9E11FA1BB81}
		{EF4DA569-D857-A0C5-EF82-136AC0D026F5} = {63A6BA0D-91E0-4A59-421E-AE5DB1362DA0}
		{D7C4A2BA-D9FA-A0A3-984E-86AB302E3309} = {EF4DA569-D857-A0C5-EF82-136AC0D026F5}
		{D6E8E068-5237-FF10-E433-2EAADD807BCC} = {D7C4A2BA-D9FA-A0A3-984E-86AB302E3309}
		{EBF233E5-4A99-6826-B5A4-DB19BAE6FC51} = {77650F04-1583-5779-87D5-00A0AF5B51D4}
		{DF77F28E-3F04-FDD4-B18A-0A486DC1D9EA} = {EBF233E5-4A99-6826-B5A4-DB19BAE6FC51}
		{5415B821-D240-40B9-01DF-AECC04B6FABF} = {DF77F28E-3F04-FDD4-B18A-0A486DC1D9EA}
		{678C93D8-3914-1DBC-D261-F961B780BBEF} = {5415B821-D240-40B9-01DF-AECC04B6FABF}
		{6D7B459D-4510-271E-98CF-C931BED436C3} = {678C93D8-3914-1DBC-D261-F961B780BBEF}
		{76278407-2024-6808-7769-4B29263D7243} = {6D7B459D-4510-271E-98CF-C931BED436C3}
		{FF3B30F8-92F1-DA73-195C-3B5F9DF9DBC0} = {76278407-2024-6808-7769-4B29263D7243}
		{C28BCE27-1554-8784-11BD-50FE3FA9392F} = {FF3B30F8-92F1-DA73-195C-3B5F9DF9DBC0}
		{2B734830-4F57-30E7-8FB0-FBB7C412583A} = {C28BCE27-1554-8784-11BD-50FE3FA9392F}
		{F67ACB60-E06F-7FF2-F8E3-38A30D41A2D8} = {EBF233E5-4A99-6826-B5A4-DB19BAE6FC51}
		{336101B8-5AE2-DA2A-738A-96F4EFA70171} = {F67ACB60-E06F-7FF2-F8E3-38A30D41A2D8}
		{3499C65A-57C7-94AD-4902-28C579C8961C} = {336101B8-5AE2-DA2A-738A-96F4EFA70171}
		{5CA556F6-83DB-0E71-9D49-0A947A27B4A6} = {3499C65A-57C7-94AD-4902-28C579C8961C}
		{9C11AA8E-1CA9-42C3-EFBE-7CB01F763CA5} = {5CA556F6-83DB-0E71-9D49-0A947A27B4A6}
		{64B6EF3A-F0DD-781A-692C-6F1A1EFD7A4C} = {9C11AA8E-1CA9-42C3-EFBE-7CB01F763CA5}
		{4A93768B-CA1D-135C-F987-A335F8FB1174} = {64B6EF3A-F0DD-781A-692C-6F1A1EFD7A4C}
		{1052F0CD-A6EE-3157-A93E-C647943BEAC9} = {4A93768B-CA1D-135C-F987-A335F8FB1174}
		{9E1E9E34-8FFB-E70B-4345-BD632D3F7133} = {EBF233E5-4A99-6826-B5A4-DB19BAE6FC51}
		{ABE0D907-AD52-25B0-0C29-0478394A7ECA} = {9E1E9E34-8FFB-E70B-4345-BD632D3F7133}
		{180ED740-326B-03A5-1FF6-C527749D7569} = {ABE0D907-AD52-25B0-0C29-0478394A7ECA}
		{54EAEAC5-08D3-3E32-982B-25C9958E9B0D} = {180ED740-326B-03A5-1FF6-C527749D7569}
		{ACBF53BE-B69C-EB79-B8C6-D994FD95C058} = {54EAEAC5-08D3-3E32-982B-25C9958E9B0D}
		{2C9F3B02-A453-502B-5468-C34F12BBE07A} = {ACBF53BE-B69C-EB79-B8C6-D994FD95C058}
		{1CD67918-84EC-85E2-B5D7-27D655CD6925} = {2C9F3B02-A453-502B-5468-C34F12BBE07A}
		{FCE61B60-A9CA-3ADA-7707-1C6B88AA53FB} = {1CD67918-84EC-85E2-B5D7-27D655CD6925}
	EndGlobalSection
	GlobalSection(ExtensibilityGlobals) = postSolution
		SolutionGuid = {58F76FE3-FAA9-40C3-93F7-03D687B4781A}
	EndGlobalSection
EndGlobal
